{
  "nodes": {
    "nixpkgs": {
      "locked": {
        "lastModified": 1727842290,
        "narHash": "sha256-mnH2caarCN4trCgV++t9JtUwbbOGS0hvThdtod2J5Bk=",
        "owner": "nixos",
        "repo": "nixpkgs",
        "rev": "3b266ab4521b8e4144b4c552cba978b0c35ef449",
        "type": "github"
      },
      "original": {
        "owner": "nixos",
        "ref": "nixpkgs-unstable",
        "repo": "nixpkgs",
        "type": "github"
      }
    },
    "root": {
      "inputs": {
        "nixpkgs": "nixpkgs"
      }
    }
  },
  "root": "root",
  "version": 7
}
